<?xml version="1.0" encoding="utf-8"?>
<Project ToolsVersion="4.0" xmlns="http://schemas.microsoft.com/developer/msbuild/2003">
  <ItemGroup>
    <ClCompile Include="Camera.cpp">
      <Filter>Src</Filter>
    </ClCompile>
    <ClCompile Include="Model.cpp">
      <Filter>Src</Filter>
    </ClCompile>
    <ClCompile Include="Utils.cpp">
      <Filter>Src</Filter>
    </ClCompile>
    <ClCompile Include="Lab4.cpp">
      <Filter>Src</Filter>
    </ClCompile>
  </ItemGroup>
  <ItemGroup>
    <Filter Include="Headers">
      <UniqueIdentifier>{4353dc43-bfd9-4e17-aab5-c3c46ce6415a}</UniqueIdentifier>
    </Filter>
    <Filter Include="Src">
      <UniqueIdentifier>{6b547f25-b007-46b3-833a-229f9b267b7a}</UniqueIdentifier>
    </Filter>
  </ItemGroup>
  <ItemGroup>
    <ClInclude Include="Utils.h">
      <Filter>Headers</Filter>
    </ClInclude>
    <ClInclude Include="Camera.h">
      <Filter>Headers</Filter>
    </ClInclude>
    <ClInclude Include="Model.h">
      <Filter>Headers</Filter>
    </ClInclude>
  </ItemGroup>
</Project>