
Microsoft Visual Studio Solution File, Format Version 12.00
# Visual Studio Version 16
VisualStudioVersion = 16.0.29409.12
MinimumVisualStudioVersion = 10.0.40219.1
Project("{8BC9CEB8-8B4A-11D0-8D11-00A0C91BC942}") = "Lab1", "Lab1\Lab1.vcxproj", "{E589949B-D586-4179-96E6-575626673BFC}"
EndProject
Global
	GlobalSection(SolutionConfigurationPlatforms) = preSolution
		Debug|x64 = Debug|x64
		Debug|x86 = Debug|x86
		Release|x64 = Release|x64
		Release|x86 = Release|x86
	EndGlobalSection
	GlobalSection(ProjectConfigurationPlatforms) = postSolution
		{E589949B-D586-4179-96E6-575626673BFC}.Debug|x64.ActiveCfg = Debug|x64
		{E589949B-D586-4179-96E6-575626673BFC}.Debug|x64.Build.0 = Debug|x64
		{E589949B-D586-4179-96E6-575626673BFC}.Debug|x86.ActiveCfg = Debug|Win32
		{E589949B-D586-4179-96E6-575626673BFC}.Debug|x86.Build.0 = Debug|Win32
		{E589949B-D586-4179-96E6-575626673BFC}.Release|x64.ActiveCfg = Release|x64
		{E589949B-D586-4179-96E6-575626673BFC}.Release|x64.Build.0 = Release|x64
		{E589949B-D586-4179-96E6-575626673BFC}.Release|x86.ActiveCfg = Release|Win32
		{E589949B-D586-4179-96E6-575626673BFC}.Release|x86.Build.0 = Release|Win32
	EndGlobalSection
	GlobalSection(SolutionProperties) = preSolution
		HideSolutionNode = FALSE
	EndGlobalSection
	GlobalSection(ExtensibilityGlobals) = postSolution
		SolutionGuid = {33707214-8791-4EFD-9029-DDADDE028795}
	EndGlobalSection
EndGlobal
